// !$*UTF8*$!
{
	archiveVersion = 1;
	classes = {
	};
	objectVersion = 50;
	objects = {

/* Begin PBXBuildFile section */
		0B10C55622EC421E0075E6A9 /* MainTabBarContrller.swift in Sources */ = {isa = PBXBuildFile; fileRef = 0B10C55522EC421E0075E6A9 /* MainTabBarContrller.swift */; };
		0B10C55922EC57E00075E6A9 /* AppsSearchController.swift in Sources */ = {isa = PBXBuildFile; fileRef = 0B10C55822EC57E00075E6A9 /* AppsSearchController.swift */; };
		0B10C55D22ED48340075E6A9 /* SearchResultCell.swift in Sources */ = {isa = PBXBuildFile; fileRef = 0B10C55C22ED48340075E6A9 /* SearchResultCell.swift */; };
		0B10C56122ED55E00075E6A9 /* UIViewExtension.swift in Sources */ = {isa = PBXBuildFile; fileRef = 0B10C56022ED55E00075E6A9 /* UIViewExtension.swift */; };
		0B10C56422F530700075E6A9 /* InfoStackView.swift in Sources */ = {isa = PBXBuildFile; fileRef = 0B10C56322F530700075E6A9 /* InfoStackView.swift */; };
		0B10C56622F5313E0075E6A9 /* ScreenShotImageViewStackView.swift in Sources */ = {isa = PBXBuildFile; fileRef = 0B10C56522F5313E0075E6A9 /* ScreenShotImageViewStackView.swift */; };
		0B10C56922F684010075E6A9 /* SearchResult.swift in Sources */ = {isa = PBXBuildFile; fileRef = 0B10C56822F684010075E6A9 /* SearchResult.swift */; };
		0B144534235C20CD0095D8B8 /* AppFullScreenController.swift in Sources */ = {isa = PBXBuildFile; fileRef = 0B144533235C20CD0095D8B8 /* AppFullScreenController.swift */; };
		0B144536235C29E50095D8B8 /* AppFullScreenCell.swift in Sources */ = {isa = PBXBuildFile; fileRef = 0B144535235C29E50095D8B8 /* AppFullScreenCell.swift */; };
		0B24C8DD2350371C00CFFB6C /* TodayController.swift in Sources */ = {isa = PBXBuildFile; fileRef = 0B24C8DC2350371C00CFFB6C /* TodayController.swift */; };
		0B24C8DF235037E700CFFB6C /* TodayCell.swift in Sources */ = {isa = PBXBuildFile; fileRef = 0B24C8DE235037E700CFFB6C /* TodayCell.swift */; };
		0B7DB04D22EC403200BD49B5 /* AppDelegate.swift in Sources */ = {isa = PBXBuildFile; fileRef = 0B7DB04C22EC403200BD49B5 /* AppDelegate.swift */; };
		0B7DB05222EC403200BD49B5 /* Main.storyboard in Resources */ = {isa = PBXBuildFile; fileRef = 0B7DB05022EC403200BD49B5 /* Main.storyboard */; };
		0B7DB05422EC403300BD49B5 /* Assets.xcassets in Resources */ = {isa = PBXBuildFile; fileRef = 0B7DB05322EC403300BD49B5 /* Assets.xcassets */; };
		0B7DB05722EC403300BD49B5 /* LaunchScreen.storyboard in Resources */ = {isa = PBXBuildFile; fileRef = 0B7DB05522EC403300BD49B5 /* LaunchScreen.storyboard */; };
		0BB0D503233F083100F64725 /* AppsPreviewCell.swift in Sources */ = {isa = PBXBuildFile; fileRef = 0BB0D502233F083100F64725 /* AppsPreviewCell.swift */; };
		0BB0D505233F0C8800F64725 /* AppsScreenShotController.swift in Sources */ = {isa = PBXBuildFile; fileRef = 0BB0D504233F0C8800F64725 /* AppsScreenShotController.swift */; };
		0BB0D507233F119100F64725 /* AppsScreenShotCell.swift in Sources */ = {isa = PBXBuildFile; fileRef = 0BB0D506233F119100F64725 /* AppsScreenShotCell.swift */; };
		0BB0D509234060E300F64725 /* AppsReviewCell.swift in Sources */ = {isa = PBXBuildFile; fileRef = 0BB0D508234060E300F64725 /* AppsReviewCell.swift */; };
		0BB0D50B2340627600F64725 /* AppsReviewController.swift in Sources */ = {isa = PBXBuildFile; fileRef = 0BB0D50A2340627600F64725 /* AppsReviewController.swift */; };
		0BB0D50D234065F900F64725 /* UserReviewCell.swift in Sources */ = {isa = PBXBuildFile; fileRef = 0BB0D50C234065F900F64725 /* UserReviewCell.swift */; };
		0BB0D50F2341A56900F64725 /* UserReview.swift in Sources */ = {isa = PBXBuildFile; fileRef = 0BB0D50E2341A56900F64725 /* UserReview.swift */; };
		0BD986AF23657567000E5AC4 /* FullScreenCell.swift in Sources */ = {isa = PBXBuildFile; fileRef = 0BD986AE23657567000E5AC4 /* FullScreenCell.swift */; };
		0BF2D7D622FD334700874DF1 /* NetworkService.swift in Sources */ = {isa = PBXBuildFile; fileRef = 0BF2D7D522FD334700874DF1 /* NetworkService.swift */; };
		0BF2D7D92307A92A00874DF1 /* AppsPageController.swift in Sources */ = {isa = PBXBuildFile; fileRef = 0BF2D7D82307A92A00874DF1 /* AppsPageController.swift */; };
		0BF2D7DB2307A97200874DF1 /* BaseListController.swift in Sources */ = {isa = PBXBuildFile; fileRef = 0BF2D7DA2307A97200874DF1 /* BaseListController.swift */; };
		0BF2D7E02307B04700874DF1 /* AppsPageHeader.swift in Sources */ = {isa = PBXBuildFile; fileRef = 0BF2D7DF2307B04700874DF1 /* AppsPageHeader.swift */; };
		0BF2D7E32307B90E00874DF1 /* AppsPageCell.swift in Sources */ = {isa = PBXBuildFile; fileRef = 0BF2D7E22307B90E00874DF1 /* AppsPageCell.swift */; };
		0BF2D7E92307E65B00874DF1 /* AppsCategoryController.swift in Sources */ = {isa = PBXBuildFile; fileRef = 0BF2D7E82307E65B00874DF1 /* AppsCategoryController.swift */; };
		0BF2D7EB2308F67A00874DF1 /* Extensions.swift in Sources */ = {isa = PBXBuildFile; fileRef = 0BF2D7EA2308F67A00874DF1 /* Extensions.swift */; };
		0BF2D7ED2308F79C00874DF1 /* AppsCategoryCell.swift in Sources */ = {isa = PBXBuildFile; fileRef = 0BF2D7EC2308F79C00874DF1 /* AppsCategoryCell.swift */; };
		0BF2D7EF2310EE2E00874DF1 /* AppsTopMainController.swift in Sources */ = {isa = PBXBuildFile; fileRef = 0BF2D7EE2310EE2E00874DF1 /* AppsTopMainController.swift */; };
		0BF2D7F12311276100874DF1 /* AppsPageHeaderCell.swift in Sources */ = {isa = PBXBuildFile; fileRef = 0BF2D7F02311276100874DF1 /* AppsPageHeaderCell.swift */; };
		0BF2D7F6231B6A7C00874DF1 /* AppsFeed.swift in Sources */ = {isa = PBXBuildFile; fileRef = 0BF2D7F5231B6A7C00874DF1 /* AppsFeed.swift */; };
		0BF2D7F82323539100874DF1 /* SocialApp.swift in Sources */ = {isa = PBXBuildFile; fileRef = 0BF2D7F72323539100874DF1 /* SocialApp.swift */; };
		0BF2D7FA232C947500874DF1 /* HorizontalSnappingController.swift in Sources */ = {isa = PBXBuildFile; fileRef = 0BF2D7F9232C947500874DF1 /* HorizontalSnappingController.swift */; };
		0BF2D7FC232DE37900874DF1 /* AppDetailController.swift in Sources */ = {isa = PBXBuildFile; fileRef = 0BF2D7FB232DE37900874DF1 /* AppDetailController.swift */; };
		0BF2D8002335DC3700874DF1 /* AppDetailCell.swift in Sources */ = {isa = PBXBuildFile; fileRef = 0BF2D7FF2335DC3700874DF1 /* AppDetailCell.swift */; };
		758B700E4C8583E147232A45 /* Pods_AppStore.framework in Frameworks */ = {isa = PBXBuildFile; fileRef = D547BFB8600B966A7A51409B /* Pods_AppStore.framework */; };
/* End PBXBuildFile section */

/* Begin PBXFileReference section */
		0B10C55522EC421E0075E6A9 /* MainTabBarContrller.swift */ = {isa = PBXFileReference; lastKnownFileType = sourcecode.swift; path = MainTabBarContrller.swift; sourceTree = "<group>"; };
		0B10C55822EC57E00075E6A9 /* AppsSearchController.swift */ = {isa = PBXFileReference; lastKnownFileType = sourcecode.swift; path = AppsSearchController.swift; sourceTree = "<group>"; };
		0B10C55C22ED48340075E6A9 /* SearchResultCell.swift */ = {isa = PBXFileReference; lastKnownFileType = sourcecode.swift; path = SearchResultCell.swift; sourceTree = "<group>"; };
		0B10C56022ED55E00075E6A9 /* UIViewExtension.swift */ = {isa = PBXFileReference; lastKnownFileType = sourcecode.swift; path = UIViewExtension.swift; sourceTree = "<group>"; };
		0B10C56322F530700075E6A9 /* InfoStackView.swift */ = {isa = PBXFileReference; lastKnownFileType = sourcecode.swift; path = InfoStackView.swift; sourceTree = "<group>"; };
		0B10C56522F5313E0075E6A9 /* ScreenShotImageViewStackView.swift */ = {isa = PBXFileReference; lastKnownFileType = sourcecode.swift; path = ScreenShotImageViewStackView.swift; sourceTree = "<group>"; };
		0B10C56822F684010075E6A9 /* SearchResult.swift */ = {isa = PBXFileReference; lastKnownFileType = sourcecode.swift; path = SearchResult.swift; sourceTree = "<group>"; };
		0B144533235C20CD0095D8B8 /* AppFullScreenController.swift */ = {isa = PBXFileReference; lastKnownFileType = sourcecode.swift; path = AppFullScreenController.swift; sourceTree = "<group>"; };
		0B144535235C29E50095D8B8 /* AppFullScreenCell.swift */ = {isa = PBXFileReference; lastKnownFileType = sourcecode.swift; path = AppFullScreenCell.swift; sourceTree = "<group>"; };
		0B24C8DC2350371C00CFFB6C /* TodayController.swift */ = {isa = PBXFileReference; lastKnownFileType = sourcecode.swift; path = TodayController.swift; sourceTree = "<group>"; };
		0B24C8DE235037E700CFFB6C /* TodayCell.swift */ = {isa = PBXFileReference; lastKnownFileType = sourcecode.swift; path = TodayCell.swift; sourceTree = "<group>"; };
		0B7DB04922EC403200BD49B5 /* AppStore.app */ = {isa = PBXFileReference; explicitFileType = wrapper.application; includeInIndex = 0; path = AppStore.app; sourceTree = BUILT_PRODUCTS_DIR; };
		0B7DB04C22EC403200BD49B5 /* AppDelegate.swift */ = {isa = PBXFileReference; lastKnownFileType = sourcecode.swift; path = AppDelegate.swift; sourceTree = "<group>"; };
		0B7DB05122EC403200BD49B5 /* Base */ = {isa = PBXFileReference; lastKnownFileType = file.storyboard; name = Base; path = Base.lproj/Main.storyboard; sourceTree = "<group>"; };
		0B7DB05322EC403300BD49B5 /* Assets.xcassets */ = {isa = PBXFileReference; lastKnownFileType = folder.assetcatalog; path = Assets.xcassets; sourceTree = "<group>"; };
		0B7DB05622EC403300BD49B5 /* Base */ = {isa = PBXFileReference; lastKnownFileType = file.storyboard; name = Base; path = Base.lproj/LaunchScreen.storyboard; sourceTree = "<group>"; };
		0B7DB05822EC403300BD49B5 /* Info.plist */ = {isa = PBXFileReference; lastKnownFileType = text.plist.xml; path = Info.plist; sourceTree = "<group>"; };
		0BB0D502233F083100F64725 /* AppsPreviewCell.swift */ = {isa = PBXFileReference; lastKnownFileType = sourcecode.swift; path = AppsPreviewCell.swift; sourceTree = "<group>"; };
		0BB0D504233F0C8800F64725 /* AppsScreenShotController.swift */ = {isa = PBXFileReference; lastKnownFileType = sourcecode.swift; path = AppsScreenShotController.swift; sourceTree = "<group>"; };
		0BB0D506233F119100F64725 /* AppsScreenShotCell.swift */ = {isa = PBXFileReference; lastKnownFileType = sourcecode.swift; path = AppsScreenShotCell.swift; sourceTree = "<group>"; };
		0BB0D508234060E300F64725 /* AppsReviewCell.swift */ = {isa = PBXFileReference; lastKnownFileType = sourcecode.swift; path = AppsReviewCell.swift; sourceTree = "<group>"; };
		0BB0D50A2340627600F64725 /* AppsReviewController.swift */ = {isa = PBXFileReference; lastKnownFileType = sourcecode.swift; path = AppsReviewController.swift; sourceTree = "<group>"; };
		0BB0D50C234065F900F64725 /* UserReviewCell.swift */ = {isa = PBXFileReference; lastKnownFileType = sourcecode.swift; path = UserReviewCell.swift; sourceTree = "<group>"; };
		0BB0D50E2341A56900F64725 /* UserReview.swift */ = {isa = PBXFileReference; lastKnownFileType = sourcecode.swift; path = UserReview.swift; sourceTree = "<group>"; };
		0BD986AE23657567000E5AC4 /* FullScreenCell.swift */ = {isa = PBXFileReference; lastKnownFileType = sourcecode.swift; path = FullScreenCell.swift; sourceTree = "<group>"; };
		0BF2D7D522FD334700874DF1 /* NetworkService.swift */ = {isa = PBXFileReference; lastKnownFileType = sourcecode.swift; path = NetworkService.swift; sourceTree = "<group>"; };
		0BF2D7D82307A92A00874DF1 /* AppsPageController.swift */ = {isa = PBXFileReference; lastKnownFileType = sourcecode.swift; path = AppsPageController.swift; sourceTree = "<group>"; };
		0BF2D7DA2307A97200874DF1 /* BaseListController.swift */ = {isa = PBXFileReference; lastKnownFileType = sourcecode.swift; path = BaseListController.swift; sourceTree = "<group>"; };
		0BF2D7DF2307B04700874DF1 /* AppsPageHeader.swift */ = {isa = PBXFileReference; lastKnownFileType = sourcecode.swift; path = AppsPageHeader.swift; sourceTree = "<group>"; };
		0BF2D7E22307B90E00874DF1 /* AppsPageCell.swift */ = {isa = PBXFileReference; lastKnownFileType = sourcecode.swift; path = AppsPageCell.swift; sourceTree = "<group>"; };
		0BF2D7E82307E65B00874DF1 /* AppsCategoryController.swift */ = {isa = PBXFileReference; lastKnownFileType = sourcecode.swift; path = AppsCategoryController.swift; sourceTree = "<group>"; };
		0BF2D7EA2308F67A00874DF1 /* Extensions.swift */ = {isa = PBXFileReference; lastKnownFileType = sourcecode.swift; path = Extensions.swift; sourceTree = "<group>"; };
		0BF2D7EC2308F79C00874DF1 /* AppsCategoryCell.swift */ = {isa = PBXFileReference; lastKnownFileType = sourcecode.swift; path = AppsCategoryCell.swift; sourceTree = "<group>"; };
		0BF2D7EE2310EE2E00874DF1 /* AppsTopMainController.swift */ = {isa = PBXFileReference; lastKnownFileType = sourcecode.swift; path = AppsTopMainController.swift; sourceTree = "<group>"; };
		0BF2D7F02311276100874DF1 /* AppsPageHeaderCell.swift */ = {isa = PBXFileReference; lastKnownFileType = sourcecode.swift; path = AppsPageHeaderCell.swift; sourceTree = "<group>"; };
		0BF2D7F5231B6A7C00874DF1 /* AppsFeed.swift */ = {isa = PBXFileReference; lastKnownFileType = sourcecode.swift; path = AppsFeed.swift; sourceTree = "<group>"; };
		0BF2D7F72323539100874DF1 /* SocialApp.swift */ = {isa = PBXFileReference; lastKnownFileType = sourcecode.swift; path = SocialApp.swift; sourceTree = "<group>"; };
		0BF2D7F9232C947500874DF1 /* HorizontalSnappingController.swift */ = {isa = PBXFileReference; lastKnownFileType = sourcecode.swift; path = HorizontalSnappingController.swift; sourceTree = "<group>"; };
		0BF2D7FB232DE37900874DF1 /* AppDetailController.swift */ = {isa = PBXFileReference; lastKnownFileType = sourcecode.swift; path = AppDetailController.swift; sourceTree = "<group>"; };
		0BF2D7FF2335DC3700874DF1 /* AppDetailCell.swift */ = {isa = PBXFileReference; lastKnownFileType = sourcecode.swift; path = AppDetailCell.swift; sourceTree = "<group>"; };
		2555AF470F904D6BC2C88386 /* Pods-AppStore.release.xcconfig */ = {isa = PBXFileReference; includeInIndex = 1; lastKnownFileType = text.xcconfig; name = "Pods-AppStore.release.xcconfig"; path = "Target Support Files/Pods-AppStore/Pods-AppStore.release.xcconfig"; sourceTree = "<group>"; };
		C56DC9EE2FF4087B93C80087 /* Pods-AppStore.debug.xcconfig */ = {isa = PBXFileReference; includeInIndex = 1; lastKnownFileType = text.xcconfig; name = "Pods-AppStore.debug.xcconfig"; path = "Target Support Files/Pods-AppStore/Pods-AppStore.debug.xcconfig"; sourceTree = "<group>"; };
		D547BFB8600B966A7A51409B /* Pods_AppStore.framework */ = {isa = PBXFileReference; explicitFileType = wrapper.framework; includeInIndex = 0; path = Pods_AppStore.framework; sourceTree = BUILT_PRODUCTS_DIR; };
/* End PBXFileReference section */

/* Begin PBXFrameworksBuildPhase section */
		0B7DB04622EC403100BD49B5 /* Frameworks */ = {
			isa = PBXFrameworksBuildPhase;
			buildActionMask = 2147483647;
			files = (
				758B700E4C8583E147232A45 /* Pods_AppStore.framework in Frameworks */,
			);
			runOnlyForDeploymentPostprocessing = 0;
		};
/* End PBXFrameworksBuildPhase section */

/* Begin PBXGroup section */
		0B10C55722EC57AA0075E6A9 /* Controller */ = {
			isa = PBXGroup;
			children = (
				0B10C56222ED93510075E6A9 /* MainTabBar */,
				0B10C55A22ED48140075E6A9 /* Search */,
				0BF2D7D72307A8C900874DF1 /* Apps */,
				0B24C8DB235036F000CFFB6C /* Today */,
				0BF2D7DA2307A97200874DF1 /* BaseListController.swift */,
				0BF2D7F9232C947500874DF1 /* HorizontalSnappingController.swift */,
			);
			path = Controller;
			sourceTree = "<group>";
		};
		0B10C55A22ED48140075E6A9 /* Search */ = {
			isa = PBXGroup;
			children = (
				0B10C56722F683ED0075E6A9 /* Model */,
				0B10C55B22ED481E0075E6A9 /* View */,
				0BF2D7DC2307A9DA00874DF1 /* Controller */,
			);
			path = Search;
			sourceTree = "<group>";
		};
		0B10C55B22ED481E0075E6A9 /* View */ = {
			isa = PBXGroup;
			children = (
				0B10C55C22ED48340075E6A9 /* SearchResultCell.swift */,
				0B10C56322F530700075E6A9 /* InfoStackView.swift */,
				0B10C56522F5313E0075E6A9 /* ScreenShotImageViewStackView.swift */,
			);
			path = View;
			sourceTree = "<group>";
		};
		0B10C55E22ED55B90075E6A9 /* Extension */ = {
			isa = PBXGroup;
			children = (
				0B10C56022ED55E00075E6A9 /* UIViewExtension.swift */,
			);
			path = Extension;
			sourceTree = "<group>";
		};
		0B10C56222ED93510075E6A9 /* MainTabBar */ = {
			isa = PBXGroup;
			children = (
				0B10C55522EC421E0075E6A9 /* MainTabBarContrller.swift */,
			);
			path = MainTabBar;
			sourceTree = "<group>";
		};
		0B10C56722F683ED0075E6A9 /* Model */ = {
			isa = PBXGroup;
			children = (
				0B10C56822F684010075E6A9 /* SearchResult.swift */,
			);
			path = Model;
			sourceTree = "<group>";
		};
		0B144537235C589F0095D8B8 /* VIew */ = {
			isa = PBXGroup;
			children = (
				0B24C8DE235037E700CFFB6C /* TodayCell.swift */,
				0B144535235C29E50095D8B8 /* AppFullScreenCell.swift */,
				0BD986AE23657567000E5AC4 /* FullScreenCell.swift */,
			);
			path = VIew;
			sourceTree = "<group>";
		};
		0B24C8DB235036F000CFFB6C /* Today */ = {
			isa = PBXGroup;
			children = (
				0B144537235C589F0095D8B8 /* VIew */,
				0B24C8DC2350371C00CFFB6C /* TodayController.swift */,
				0B144533235C20CD0095D8B8 /* AppFullScreenController.swift */,
			);
			path = Today;
			sourceTree = "<group>";
		};
		0B7DB04022EC403100BD49B5 = {
			isa = PBXGroup;
			children = (
				0B7DB04B22EC403200BD49B5 /* AppStore */,
				0B7DB04A22EC403200BD49B5 /* Products */,
				9D66798AAF0DA39B682BC540 /* Pods */,
				8BD9ABAE7A81431CFD688BF8 /* Frameworks */,
			);
			sourceTree = "<group>";
		};
		0B7DB04A22EC403200BD49B5 /* Products */ = {
			isa = PBXGroup;
			children = (
				0B7DB04922EC403200BD49B5 /* AppStore.app */,
			);
			name = Products;
			sourceTree = "<group>";
		};
		0B7DB04B22EC403200BD49B5 /* AppStore */ = {
			isa = PBXGroup;
			children = (
				0BF2D7D422FD333800874DF1 /* Helper */,
				0B10C55E22ED55B90075E6A9 /* Extension */,
				0B10C55722EC57AA0075E6A9 /* Controller */,
				0B7DB05322EC403300BD49B5 /* Assets.xcassets */,
				0B7DB05522EC403300BD49B5 /* LaunchScreen.storyboard */,
				0B7DB05022EC403200BD49B5 /* Main.storyboard */,
				0B7DB05822EC403300BD49B5 /* Info.plist */,
				0B7DB04C22EC403200BD49B5 /* AppDelegate.swift */,
			);
			path = AppStore;
			sourceTree = "<group>";
		};
		0BF2D7D422FD333800874DF1 /* Helper */ = {
			isa = PBXGroup;
			children = (
				0BF2D7D522FD334700874DF1 /* NetworkService.swift */,
				0BF2D7EA2308F67A00874DF1 /* Extensions.swift */,
			);
			path = Helper;
			sourceTree = "<group>";
		};
		0BF2D7D72307A8C900874DF1 /* Apps */ = {
			isa = PBXGroup;
			children = (
				0BF2D7F22312326600874DF1 /* Model */,
				0BF2D7DD2307B02100874DF1 /* VIew */,
				0BF2D7DE2307B02700874DF1 /* Controller */,
			);
			path = Apps;
			sourceTree = "<group>";
		};
		0BF2D7DC2307A9DA00874DF1 /* Controller */ = {
			isa = PBXGroup;
			children = (
				0B10C55822EC57E00075E6A9 /* AppsSearchController.swift */,
			);
			path = Controller;
			sourceTree = "<group>";
		};
		0BF2D7DD2307B02100874DF1 /* VIew */ = {
			isa = PBXGroup;
			children = (
				0BF826382349DEFE008887B3 /* AppDetail */,
				0BF2D7DF2307B04700874DF1 /* AppsPageHeader.swift */,
				0BF2D7E22307B90E00874DF1 /* AppsPageCell.swift */,
				0BF2D7F02311276100874DF1 /* AppsPageHeaderCell.swift */,
				0BF2D7EC2308F79C00874DF1 /* AppsCategoryCell.swift */,
			);
			path = VIew;
			sourceTree = "<group>";
		};
		0BF2D7DE2307B02700874DF1 /* Controller */ = {
			isa = PBXGroup;
			children = (
				0BF826392349DF52008887B3 /* AppDetail */,
				0BF2D7D82307A92A00874DF1 /* AppsPageController.swift */,
				0BF2D7EE2310EE2E00874DF1 /* AppsTopMainController.swift */,
				0BF2D7E82307E65B00874DF1 /* AppsCategoryController.swift */,
			);
			path = Controller;
			sourceTree = "<group>";
		};
		0BF2D7F22312326600874DF1 /* Model */ = {
			isa = PBXGroup;
			children = (
				0BF2D7F5231B6A7C00874DF1 /* AppsFeed.swift */,
				0BF2D7F72323539100874DF1 /* SocialApp.swift */,
				0BB0D50E2341A56900F64725 /* UserReview.swift */,
			);
			path = Model;
			sourceTree = "<group>";
		};
		0BF826382349DEFE008887B3 /* AppDetail */ = {
			isa = PBXGroup;
			children = (
				0BF2D7FF2335DC3700874DF1 /* AppDetailCell.swift */,
				0BB0D502233F083100F64725 /* AppsPreviewCell.swift */,
				0BB0D508234060E300F64725 /* AppsReviewCell.swift */,
				0BB0D506233F119100F64725 /* AppsScreenShotCell.swift */,
				0BB0D50C234065F900F64725 /* UserReviewCell.swift */,
			);
			path = AppDetail;
			sourceTree = "<group>";
		};
		0BF826392349DF52008887B3 /* AppDetail */ = {
			isa = PBXGroup;
			children = (
				0BF2D7FB232DE37900874DF1 /* AppDetailController.swift */,
				0BB0D504233F0C8800F64725 /* AppsScreenShotController.swift */,
				0BB0D50A2340627600F64725 /* AppsReviewController.swift */,
			);
			path = AppDetail;
			sourceTree = "<group>";
		};
		8BD9ABAE7A81431CFD688BF8 /* Frameworks */ = {
			isa = PBXGroup;
			children = (
				D547BFB8600B966A7A51409B /* Pods_AppStore.framework */,
			);
			name = Frameworks;
			sourceTree = "<group>";
		};
		9D66798AAF0DA39B682BC540 /* Pods */ = {
			isa = PBXGroup;
			children = (
				C56DC9EE2FF4087B93C80087 /* Pods-AppStore.debug.xcconfig */,
				2555AF470F904D6BC2C88386 /* Pods-AppStore.release.xcconfig */,
			);
			path = Pods;
			sourceTree = "<group>";
		};
/* End PBXGroup section */

/* Begin PBXNativeTarget section */
		0B7DB04822EC403100BD49B5 /* AppStore */ = {
			isa = PBXNativeTarget;
			buildConfigurationList = 0B7DB05B22EC403300BD49B5 /* Build configuration list for PBXNativeTarget "AppStore" */;
			buildPhases = (
				6FB0ED00818499FE11F6A01E /* [CP] Check Pods Manifest.lock */,
				0B7DB04522EC403100BD49B5 /* Sources */,
				0B7DB04622EC403100BD49B5 /* Frameworks */,
				0B7DB04722EC403100BD49B5 /* Resources */,
				BBD5AEC3BFF210F7766F5A45 /* [CP] Embed Pods Frameworks */,
			);
			buildRules = (
			);
			dependencies = (
			);
			name = AppStore;
			productName = AppStore;
			productReference = 0B7DB04922EC403200BD49B5 /* AppStore.app */;
			productType = "com.apple.product-type.application";
		};
/* End PBXNativeTarget section */

/* Begin PBXProject section */
		0B7DB04122EC403100BD49B5 /* Project object */ = {
			isa = PBXProject;
			attributes = {
				LastSwiftUpdateCheck = 1030;
				LastUpgradeCheck = 1030;
				ORGANIZATIONNAME = t19960804;
				TargetAttributes = {
					0B7DB04822EC403100BD49B5 = {
						CreatedOnToolsVersion = 10.3;
					};
				};
			};
			buildConfigurationList = 0B7DB04422EC403100BD49B5 /* Build configuration list for PBXProject "AppStore" */;
			compatibilityVersion = "Xcode 9.3";
			developmentRegion = en;
			hasScannedForEncodings = 0;
			knownRegions = (
				en,
				Base,
			);
			mainGroup = 0B7DB04022EC403100BD49B5;
			productRefGroup = 0B7DB04A22EC403200BD49B5 /* Products */;
			projectDirPath = "";
			projectRoot = "";
			targets = (
				0B7DB04822EC403100BD49B5 /* AppStore */,
			);
		};
/* End PBXProject section */

/* Begin PBXResourcesBuildPhase section */
		0B7DB04722EC403100BD49B5 /* Resources */ = {
			isa = PBXResourcesBuildPhase;
			buildActionMask = 2147483647;
			files = (
				0B7DB05722EC403300BD49B5 /* LaunchScreen.storyboard in Resources */,
				0B7DB05422EC403300BD49B5 /* Assets.xcassets in Resources */,
				0B7DB05222EC403200BD49B5 /* Main.storyboard in Resources */,
			);
			runOnlyForDeploymentPostprocessing = 0;
		};
/* End PBXResourcesBuildPhase section */

/* Begin PBXShellScriptBuildPhase section */
		6FB0ED00818499FE11F6A01E /* [CP] Check Pods Manifest.lock */ = {
			isa = PBXShellScriptBuildPhase;
			buildActionMask = 2147483647;
			files = (
			);
			inputFileListPaths = (
			);
			inputPaths = (
				"${PODS_PODFILE_DIR_PATH}/Podfile.lock",
				"${PODS_ROOT}/Manifest.lock",
			);
			name = "[CP] Check Pods Manifest.lock";
			outputFileListPaths = (
			);
			outputPaths = (
				"$(DERIVED_FILE_DIR)/Pods-AppStore-checkManifestLockResult.txt",
			);
			runOnlyForDeploymentPostprocessing = 0;
			shellPath = /bin/sh;
			shellScript = "diff \"${PODS_PODFILE_DIR_PATH}/Podfile.lock\" \"${PODS_ROOT}/Manifest.lock\" > /dev/null\nif [ $? != 0 ] ; then\n    # print error to STDERR\n    echo \"error: The sandbox is not in sync with the Podfile.lock. Run 'pod install' or update your CocoaPods installation.\" >&2\n    exit 1\nfi\n# This output is used by Xcode 'outputs' to avoid re-running this script phase.\necho \"SUCCESS\" > \"${SCRIPT_OUTPUT_FILE_0}\"\n";
			showEnvVarsInLog = 0;
		};
		BBD5AEC3BFF210F7766F5A45 /* [CP] Embed Pods Frameworks */ = {
			isa = PBXShellScriptBuildPhase;
			buildActionMask = 2147483647;
			files = (
			);
			inputFileListPaths = (
			);
			inputPaths = (
				"${PODS_ROOT}/Target Support Files/Pods-AppStore/Pods-AppStore-frameworks.sh",
				"${BUILT_PRODUCTS_DIR}/SDWebImage/SDWebImage.framework",
			);
			name = "[CP] Embed Pods Frameworks";
			outputFileListPaths = (
			);
			outputPaths = (
				"${TARGET_BUILD_DIR}/${FRAMEWORKS_FOLDER_PATH}/SDWebImage.framework",
			);
			runOnlyForDeploymentPostprocessing = 0;
			shellPath = /bin/sh;
			shellScript = "\"${PODS_ROOT}/Target Support Files/Pods-AppStore/Pods-AppStore-frameworks.sh\"\n";
			showEnvVarsInLog = 0;
		};
/* End PBXShellScriptBuildPhase section */

/* Begin PBXSourcesBuildPhase section */
		0B7DB04522EC403100BD49B5 /* Sources */ = {
			isa = PBXSourcesBuildPhase;
			buildActionMask = 2147483647;
			files = (
				0BF2D7E32307B90E00874DF1 /* AppsPageCell.swift in Sources */,
				0BF2D7E02307B04700874DF1 /* AppsPageHeader.swift in Sources */,
				0BF2D7F82323539100874DF1 /* SocialApp.swift in Sources */,
				0BB0D50B2340627600F64725 /* AppsReviewController.swift in Sources */,
				0BB0D50F2341A56900F64725 /* UserReview.swift in Sources */,
				0BB0D507233F119100F64725 /* AppsScreenShotCell.swift in Sources */,
				0B10C56122ED55E00075E6A9 /* UIViewExtension.swift in Sources */,
				0B10C55922EC57E00075E6A9 /* AppsSearchController.swift in Sources */,
				0BF2D7F6231B6A7C00874DF1 /* AppsFeed.swift in Sources */,
				0BB0D503233F083100F64725 /* AppsPreviewCell.swift in Sources */,
				0B10C56922F684010075E6A9 /* SearchResult.swift in Sources */,
				0B24C8DF235037E700CFFB6C /* TodayCell.swift in Sources */,
				0BF2D7D92307A92A00874DF1 /* AppsPageController.swift in Sources */,
				0BB0D50D234065F900F64725 /* UserReviewCell.swift in Sources */,
				0B7DB04D22EC403200BD49B5 /* AppDelegate.swift in Sources */,
				0BF2D7DB2307A97200874DF1 /* BaseListController.swift in Sources */,
				0B144536235C29E50095D8B8 /* AppFullScreenCell.swift in Sources */,
				0BF2D7ED2308F79C00874DF1 /* AppsCategoryCell.swift in Sources */,
				0BF2D7D622FD334700874DF1 /* NetworkService.swift in Sources */,
				0BB0D509234060E300F64725 /* AppsReviewCell.swift in Sources */,
				0B10C56622F5313E0075E6A9 /* ScreenShotImageViewStackView.swift in Sources */,
				0BF2D7EF2310EE2E00874DF1 /* AppsTopMainController.swift in Sources */,
				0BF2D7FC232DE37900874DF1 /* AppDetailController.swift in Sources */,
				0BF2D7EB2308F67A00874DF1 /* Extensions.swift in Sources */,
				0B24C8DD2350371C00CFFB6C /* TodayController.swift in Sources */,
				0BD986AF23657567000E5AC4 /* FullScreenCell.swift in Sources */,
				0B10C56422F530700075E6A9 /* InfoStackView.swift in Sources */,
				0BF2D7F12311276100874DF1 /* AppsPageHeaderCell.swift in Sources */,
				0BF2D7FA232C947500874DF1 /* HorizontalSnappingController.swift in Sources */,
				0B10C55D22ED48340075E6A9 /* SearchResultCell.swift in Sources */,
				0B144534235C20CD0095D8B8 /* AppFullScreenController.swift in Sources */,
				0BF2D8002335DC3700874DF1 /* AppDetailCell.swift in Sources */,
				0B10C55622EC421E0075E6A9 /* MainTabBarContrller.swift in Sources */,
				0BF2D7E92307E65B00874DF1 /* AppsCategoryController.swift in Sources */,
				0BB0D505233F0C8800F64725 /* AppsScreenShotController.swift in Sources */,
			);
			runOnlyForDeploymentPostprocessing = 0;
		};
/* End PBXSourcesBuildPhase section */

/* Begin PBXVariantGroup section */
		0B7DB05022EC403200BD49B5 /* Main.storyboard */ = {
			isa = PBXVariantGroup;
			children = (
				0B7DB05122EC403200BD49B5 /* Base */,
			);
			name = Main.storyboard;
			sourceTree = "<group>";
		};
		0B7DB05522EC403300BD49B5 /* LaunchScreen.storyboard */ = {
			isa = PBXVariantGroup;
			children = (
				0B7DB05622EC403300BD49B5 /* Base */,
			);
			name = LaunchScreen.storyboard;
			sourceTree = "<group>";
		};
/* End PBXVariantGroup section */

/* Begin XCBuildConfiguration section */
		0B7DB05922EC403300BD49B5 /* Debug */ = {
			isa = XCBuildConfiguration;
			buildSettings = {
				ALWAYS_SEARCH_USER_PATHS = NO;
				CLANG_ANALYZER_NONNULL = YES;
				CLANG_ANALYZER_NUMBER_OBJECT_CONVERSION = YES_AGGRESSIVE;
				CLANG_CXX_LANGUAGE_STANDARD = "gnu++14";
				CLANG_CXX_LIBRARY = "libc++";
				CLANG_ENABLE_MODULES = YES;
				CLANG_ENABLE_OBJC_ARC = YES;
				CLANG_ENABLE_OBJC_WEAK = YES;
				CLANG_WARN_BLOCK_CAPTURE_AUTORELEASING = YES;
				CLANG_WARN_BOOL_CONVERSION = YES;
				CLANG_WARN_COMMA = YES;
				CLANG_WARN_CONSTANT_CONVERSION = YES;
				CLANG_WARN_DEPRECATED_OBJC_IMPLEMENTATIONS = YES;
				CLANG_WARN_DIRECT_OBJC_ISA_USAGE = YES_ERROR;
				CLANG_WARN_DOCUMENTATION_COMMENTS = YES;
				CLANG_WARN_EMPTY_BODY = YES;
				CLANG_WARN_ENUM_CONVERSION = YES;
				CLANG_WARN_INFINITE_RECURSION = YES;
				CLANG_WARN_INT_CONVERSION = YES;
				CLANG_WARN_NON_LITERAL_NULL_CONVERSION = YES;
				CLANG_WARN_OBJC_IMPLICIT_RETAIN_SELF = YES;
				CLANG_WARN_OBJC_LITERAL_CONVERSION = YES;
				CLANG_WARN_OBJC_ROOT_CLASS = YES_ERROR;
				CLANG_WARN_RANGE_LOOP_ANALYSIS = YES;
				CLANG_WARN_STRICT_PROTOTYPES = YES;
				CLANG_WARN_SUSPICIOUS_MOVE = YES;
				CLANG_WARN_UNGUARDED_AVAILABILITY = YES_AGGRESSIVE;
				CLANG_WARN_UNREACHABLE_CODE = YES;
				CLANG_WARN__DUPLICATE_METHOD_MATCH = YES;
				CODE_SIGN_IDENTITY = "iPhone Developer";
				COPY_PHASE_STRIP = NO;
				DEBUG_INFORMATION_FORMAT = dwarf;
				ENABLE_STRICT_OBJC_MSGSEND = YES;
				ENABLE_TESTABILITY = YES;
				GCC_C_LANGUAGE_STANDARD = gnu11;
				GCC_DYNAMIC_NO_PIC = NO;
				GCC_NO_COMMON_BLOCKS = YES;
				GCC_OPTIMIZATION_LEVEL = 0;
				GCC_PREPROCESSOR_DEFINITIONS = (
					"DEBUG=1",
					"$(inherited)",
				);
				GCC_WARN_64_TO_32_BIT_CONVERSION = YES;
				GCC_WARN_ABOUT_RETURN_TYPE = YES_ERROR;
				GCC_WARN_UNDECLARED_SELECTOR = YES;
				GCC_WARN_UNINITIALIZED_AUTOS = YES_AGGRESSIVE;
				GCC_WARN_UNUSED_FUNCTION = YES;
				GCC_WARN_UNUSED_VARIABLE = YES;
				IPHONEOS_DEPLOYMENT_TARGET = 12.0;
				MTL_ENABLE_DEBUG_INFO = INCLUDE_SOURCE;
				MTL_FAST_MATH = YES;
				ONLY_ACTIVE_ARCH = YES;
				SDKROOT = iphoneos;
				SWIFT_ACTIVE_COMPILATION_CONDITIONS = DEBUG;
				SWIFT_OPTIMIZATION_LEVEL = "-Onone";
			};
			name = Debug;
		};
		0B7DB05A22EC403300BD49B5 /* Release */ = {
			isa = XCBuildConfiguration;
			buildSettings = {
				ALWAYS_SEARCH_USER_PATHS = NO;
				CLANG_ANALYZER_NONNULL = YES;
				CLANG_ANALYZER_NUMBER_OBJECT_CONVERSION = YES_AGGRESSIVE;
				CLANG_CXX_LANGUAGE_STANDARD = "gnu++14";
				CLANG_CXX_LIBRARY = "libc++";
				CLANG_ENABLE_MODULES = YES;
				CLANG_ENABLE_OBJC_ARC = YES;
				CLANG_ENABLE_OBJC_WEAK = YES;
				CLANG_WARN_BLOCK_CAPTURE_AUTORELEASING = YES;
				CLANG_WARN_BOOL_CONVERSION = YES;
				CLANG_WARN_COMMA = YES;
				CLANG_WARN_CONSTANT_CONVERSION = YES;
				CLANG_WARN_DEPRECATED_OBJC_IMPLEMENTATIONS = YES;
				CLANG_WARN_DIRECT_OBJC_ISA_USAGE = YES_ERROR;
				CLANG_WARN_DOCUMENTATION_COMMENTS = YES;
				CLANG_WARN_EMPTY_BODY = YES;
				CLANG_WARN_ENUM_CONVERSION = YES;
				CLANG_WARN_INFINITE_RECURSION = YES;
				CLANG_WARN_INT_CONVERSION = YES;
				CLANG_WARN_NON_LITERAL_NULL_CONVERSION = YES;
				CLANG_WARN_OBJC_IMPLICIT_RETAIN_SELF = YES;
				CLANG_WARN_OBJC_LITERAL_CONVERSION = YES;
				CLANG_WARN_OBJC_ROOT_CLASS = YES_ERROR;
				CLANG_WARN_RANGE_LOOP_ANALYSIS = YES;
				CLANG_WARN_STRICT_PROTOTYPES = YES;
				CLANG_WARN_SUSPICIOUS_MOVE = YES;
				CLANG_WARN_UNGUARDED_AVAILABILITY = YES_AGGRESSIVE;
				CLANG_WARN_UNREACHABLE_CODE = YES;
				CLANG_WARN__DUPLICATE_METHOD_MATCH = YES;
				CODE_SIGN_IDENTITY = "iPhone Developer";
				COPY_PHASE_STRIP = NO;
				DEBUG_INFORMATION_FORMAT = "dwarf-with-dsym";
				ENABLE_NS_ASSERTIONS = NO;
				ENABLE_STRICT_OBJC_MSGSEND = YES;
				GCC_C_LANGUAGE_STANDARD = gnu11;
				GCC_NO_COMMON_BLOCKS = YES;
				GCC_WARN_64_TO_32_BIT_CONVERSION = YES;
				GCC_WARN_ABOUT_RETURN_TYPE = YES_ERROR;
				GCC_WARN_UNDECLARED_SELECTOR = YES;
				GCC_WARN_UNINITIALIZED_AUTOS = YES_AGGRESSIVE;
				GCC_WARN_UNUSED_FUNCTION = YES;
				GCC_WARN_UNUSED_VARIABLE = YES;
				IPHONEOS_DEPLOYMENT_TARGET = 12.0;
				MTL_ENABLE_DEBUG_INFO = NO;
				MTL_FAST_MATH = YES;
				SDKROOT = iphoneos;
				SWIFT_COMPILATION_MODE = wholemodule;
				SWIFT_OPTIMIZATION_LEVEL = "-O";
				VALIDATE_PRODUCT = YES;
			};
			name = Release;
		};
		0B7DB05C22EC403300BD49B5 /* Debug */ = {
			isa = XCBuildConfiguration;
			baseConfigurationReference = C56DC9EE2FF4087B93C80087 /* Pods-AppStore.debug.xcconfig */;
			buildSettings = {
				ASSETCATALOG_COMPILER_APPICON_NAME = AppIcon;
				CODE_SIGN_STYLE = Automatic;
				DEVELOPMENT_TEAM = CH2Q45S7FJ;
				INFOPLIST_FILE = AppStore/Info.plist;
				LD_RUNPATH_SEARCH_PATHS = (
					"$(inherited)",
					"@executable_path/Frameworks",
				);
				PRODUCT_BUNDLE_IDENTIFIER = mySwift.AppStore;
				PRODUCT_NAME = "$(TARGET_NAME)";
				SWIFT_VERSION = 5.0;
				TARGETED_DEVICE_FAMILY = "1,2";
			};
			name = Debug;
		};
		0B7DB05D22EC403300BD49B5 /* Release */ = {
			isa = XCBuildConfiguration;
			baseConfigurationReference = 2555AF470F904D6BC2C88386 /* Pods-AppStore.release.xcconfig */;
			buildSettings = {
				ASSETCATALOG_COMPILER_APPICON_NAME = AppIcon;
				CODE_SIGN_STYLE = Automatic;
				DEVELOPMENT_TEAM = CH2Q45S7FJ;
				INFOPLIST_FILE = AppStore/Info.plist;
				LD_RUNPATH_SEARCH_PATHS = (
					"$(inherited)",
					"@executable_path/Frameworks",
				);
				PRODUCT_BUNDLE_IDENTIFIER = mySwift.AppStore;
				PRODUCT_NAME = "$(TARGET_NAME)";
				SWIFT_VERSION = 5.0;
				TARGETED_DEVICE_FAMILY = "1,2";
			};
			name = Release;
		};
/* End XCBuildConfiguration section */

/* Begin XCConfigurationList section */
		0B7DB04422EC403100BD49B5 /* Build configuration list for PBXProject "AppStore" */ = {
			isa = XCConfigurationList;
			buildConfigurations = (
				0B7DB05922EC403300BD49B5 /* Debug */,
				0B7DB05A22EC403300BD49B5 /* Release */,
			);
			defaultConfigurationIsVisible = 0;
			defaultConfigurationName = Release;
		};
		0B7DB05B22EC403300BD49B5 /* Build configuration list for PBXNativeTarget "AppStore" */ = {
			isa = XCConfigurationList;
			buildConfigurations = (
				0B7DB05C22EC403300BD49B5 /* Debug */,
				0B7DB05D22EC403300BD49B5 /* Release */,
			);
			defaultConfigurationIsVisible = 0;
			defaultConfigurationName = Release;
		};
/* End XCConfigurationList section */
	};
	rootObject = 0B7DB04122EC403100BD49B5 /* Project object */;
}
